
Microsoft Visual Studio Solution File, Format Version 12.00
# Visual Studio Version 16
VisualStudioVersion = 16.0.30523.141
MinimumVisualStudioVersion = 10.0.40219.1
Project("{FAE04EC0-301F-11D3-BF4B-00C04F79EFBC}") = "Test_Interface_3", "Test_Interface_3\Test_Interface_3.csproj", "{0762A709-4380-4396-AC6B-0353F0754ACF}"
EndProject
Global
	GlobalSection(SolutionConfigurationPlatforms) = preSolution
		Debug|Any CPU = Debug|Any CPU
		Release|Any CPU = Release|Any CPU
	EndGlobalSection
	GlobalSection(ProjectConfigurationPlatforms) = postSolution
		{0762A709-4380-4396-AC6B-0353F0754ACF}.Debug|Any CPU.ActiveCfg = Debug|Any CPU
		{0762A709-4380-4396-AC6B-0353F0754ACF}.Debug|Any CPU.Build.0 = Debug|Any CPU
		{0762A709-4380-4396-AC6B-0353F0754ACF}.Release|Any CPU.ActiveCfg = Release|Any CPU
		{0762A709-4380-4396-AC6B-0353F0754ACF}.Release|Any CPU.Build.0 = Release|Any CPU
	EndGlobalSection
	GlobalSection(SolutionProperties) = preSolution
		HideSolutionNode = FALSE
	EndGlobalSection
	GlobalSection(ExtensibilityGlobals) = postSolution
		SolutionGuid = {39AE8EE0-4EF3-4D0C-B244-E9A1FBF16287}
	EndGlobalSection
EndGlobal
